
Microsoft Visual Studio Solution File, Format Version 12.00
# Visual Studio Version 17
VisualStudioVersion = 17.6.33829.357
MinimumVisualStudioVersion = 10.0.40219.1
Project("{FAE04EC0-301F-11D3-BF4B-00C04F79EFBC}") = "TimerApp", "TimerApp\TimerApp.csproj", "{57D22B77-9346-4317-A22E-890EDC42E75D}"
EndProject
Global
	GlobalSection(SolutionConfigurationPlatforms) = preSolution
		Debug|Any CPU = Debug|Any CPU
		Release|Any CPU = Release|Any CPU
	EndGlobalSection
	GlobalSection(ProjectConfigurationPlatforms) = postSolution
		{57D22B77-9346-4317-A22E-890EDC42E75D}.Debug|Any CPU.ActiveCfg = Debug|Any CPU
		{57D22B77-9346-4317-A22E-890EDC42E75D}.Debug|Any CPU.Build.0 = Debug|Any CPU
		{57D22B77-9346-4317-A22E-890EDC42E75D}.Release|Any CPU.ActiveCfg = Release|Any CPU
		{57D22B77-9346-4317-A22E-890EDC42E75D}.Release|Any CPU.Build.0 = Release|Any CPU
	EndGlobalSection
	GlobalSection(SolutionProperties) = preSolution
		HideSolutionNode = FALSE
	EndGlobalSection
	GlobalSection(ExtensibilityGlobals) = postSolution
		SolutionGuid = {E81DB7B8-D233-4E79-993C-14C2A7B9AF9F}
	EndGlobalSection
EndGlobal
